// !$*UTF8*$!
{
	archiveVersion = 1;
	classes = {
	};
	objectVersion = 56;
	objects = {

/* Begin PBXBuildFile section */
		446635922C65FAFD00BD94FD /* AppDelegate.swift in Sources */ = {isa = PBXBuildFile; fileRef = 446635912C65FAFD00BD94FD /* AppDelegate.swift */; };
		446635942C65FAFD00BD94FD /* SceneDelegate.swift in Sources */ = {isa = PBXBuildFile; fileRef = 446635932C65FAFD00BD94FD /* SceneDelegate.swift */; };
		446635962C65FAFD00BD94FD /* SearchViewController.swift in Sources */ = {isa = PBXBuildFile; fileRef = 446635952C65FAFD00BD94FD /* SearchViewController.swift */; };
		4466359B2C65FAFE00BD94FD /* Assets.xcassets in Resources */ = {isa = PBXBuildFile; fileRef = 4466359A2C65FAFE00BD94FD /* Assets.xcassets */; };
		4466359E2C65FAFE00BD94FD /* Base in Resources */ = {isa = PBXBuildFile; fileRef = 4466359D2C65FAFE00BD94FD /* Base */; };
		446635AA2C66003900BD94FD /* .gitignore in Resources */ = {isa = PBXBuildFile; fileRef = 446635A92C66003900BD94FD /* .gitignore */; };
		446635AC2C6602F500BD94FD /* TabBarController.swift in Sources */ = {isa = PBXBuildFile; fileRef = 446635AB2C6602F500BD94FD /* TabBarController.swift */; };
		446635B32C67121F00BD94FD /* UIView+Extension.swift in Sources */ = {isa = PBXBuildFile; fileRef = 446635B22C67121F00BD94FD /* UIView+Extension.swift */; };
		446635B62C6712DD00BD94FD /* BaseViewController.swift in Sources */ = {isa = PBXBuildFile; fileRef = 446635B52C6712DD00BD94FD /* BaseViewController.swift */; };
		446635B82C6722DF00BD94FD /* Constant.swift in Sources */ = {isa = PBXBuildFile; fileRef = 446635B72C6722DF00BD94FD /* Constant.swift */; };
		446635BB2C67255F00BD94FD /* Reusable.swift in Sources */ = {isa = PBXBuildFile; fileRef = 446635BA2C67255F00BD94FD /* Reusable.swift */; };
		446635BD2C6728BF00BD94FD /* SearchTableViewCell.swift in Sources */ = {isa = PBXBuildFile; fileRef = 446635BC2C6728BF00BD94FD /* SearchTableViewCell.swift */; };
		446635BF2C6728D800BD94FD /* BaseTableViewCell.swift in Sources */ = {isa = PBXBuildFile; fileRef = 446635BE2C6728D800BD94FD /* BaseTableViewCell.swift */; };
		446635C22C672C7A00BD94FD /* SoftwareThumbImageView.swift in Sources */ = {isa = PBXBuildFile; fileRef = 446635C12C672C7A00BD94FD /* SoftwareThumbImageView.swift */; };
		446635C42C672EE200BD94FD /* BaseView.swift in Sources */ = {isa = PBXBuildFile; fileRef = 446635C32C672EE200BD94FD /* BaseView.swift */; };
		446635C72C6733EC00BD94FD /* Kingfisher in Frameworks */ = {isa = PBXBuildFile; productRef = 446635C62C6733EC00BD94FD /* Kingfisher */; };
		446635CE2C6749D000BD94FD /* SnapKit in Frameworks */ = {isa = PBXBuildFile; productRef = 446635CD2C6749D000BD94FD /* SnapKit */; };
		446635D12C6764F300BD94FD /* SubInfoLabel.swift in Sources */ = {isa = PBXBuildFile; fileRef = 446635D02C6764F300BD94FD /* SubInfoLabel.swift */; };
		446635D42C676C4F00BD94FD /* RxCocoa in Frameworks */ = {isa = PBXBuildFile; productRef = 446635D32C676C4F00BD94FD /* RxCocoa */; };
		446635D62C676C4F00BD94FD /* RxSwift in Frameworks */ = {isa = PBXBuildFile; productRef = 446635D52C676C4F00BD94FD /* RxSwift */; };
		449ACFCB2C676EFC00B0ED37 /* NetworkManager.swift in Sources */ = {isa = PBXBuildFile; fileRef = 449ACFCA2C676EFC00B0ED37 /* NetworkManager.swift */; };
		449ACFCD2C676F2E00B0ED37 /* Software.swift in Sources */ = {isa = PBXBuildFile; fileRef = 449ACFCC2C676F2E00B0ED37 /* Software.swift */; };
		449ACFD02C677D2600B0ED37 /* UIViewController+Extension.swift in Sources */ = {isa = PBXBuildFile; fileRef = 449ACFCF2C677D2600B0ED37 /* UIViewController+Extension.swift */; };
		449ACFD22C6782A500B0ED37 /* SearchViewModel.swift in Sources */ = {isa = PBXBuildFile; fileRef = 449ACFD12C6782A500B0ED37 /* SearchViewModel.swift */; };
		449ACFD42C6782CB00B0ED37 /* ViewModelType.swift in Sources */ = {isa = PBXBuildFile; fileRef = 449ACFD32C6782CB00B0ED37 /* ViewModelType.swift */; };
		449ACFD62C67D42900B0ED37 /* SearchDetailViewController.swift in Sources */ = {isa = PBXBuildFile; fileRef = 449ACFD52C67D42900B0ED37 /* SearchDetailViewController.swift */; };
		449ACFD92C67DDA000B0ED37 /* NVActivityIndicatorView in Frameworks */ = {isa = PBXBuildFile; productRef = 449ACFD82C67DDA000B0ED37 /* NVActivityIndicatorView */; };
		449ACFDB2C67DDA000B0ED37 /* NVActivityIndicatorViewExtended in Frameworks */ = {isa = PBXBuildFile; productRef = 449ACFDA2C67DDA000B0ED37 /* NVActivityIndicatorViewExtended */; };
		449ACFDE2C68764D00B0ED37 /* DownloadButton.swift in Sources */ = {isa = PBXBuildFile; fileRef = 449ACFDD2C68764D00B0ED37 /* DownloadButton.swift */; };
		449ACFE02C687F7700B0ED37 /* SearchDetailViewModel.swift in Sources */ = {isa = PBXBuildFile; fileRef = 449ACFDF2C687F7700B0ED37 /* SearchDetailViewModel.swift */; };
		449ACFE22C688DD200B0ED37 /* SearchDetailCollectionViewCell.swift in Sources */ = {isa = PBXBuildFile; fileRef = 449ACFE12C688DD200B0ED37 /* SearchDetailCollectionViewCell.swift */; };
		449ACFE42C688DED00B0ED37 /* BaseCollectionViewCell.swift in Sources */ = {isa = PBXBuildFile; fileRef = 449ACFE32C688DED00B0ED37 /* BaseCollectionViewCell.swift */; };
/* End PBXBuildFile section */

/* Begin PBXFileReference section */
		446635912C65FAFD00BD94FD /* AppDelegate.swift */ = {isa = PBXFileReference; lastKnownFileType = sourcecode.swift; path = AppDelegate.swift; sourceTree = "<group>"; };
		446635932C65FAFD00BD94FD /* SceneDelegate.swift */ = {isa = PBXFileReference; lastKnownFileType = sourcecode.swift; path = SceneDelegate.swift; sourceTree = "<group>"; };
		446635952C65FAFD00BD94FD /* SearchViewController.swift */ = {isa = PBXFileReference; lastKnownFileType = sourcecode.swift; path = SearchViewController.swift; sourceTree = "<group>"; };
		4466359A2C65FAFE00BD94FD /* Assets.xcassets */ = {isa = PBXFileReference; lastKnownFileType = folder.assetcatalog; path = Assets.xcassets; sourceTree = "<group>"; };
		4466359D2C65FAFE00BD94FD /* Base */ = {isa = PBXFileReference; lastKnownFileType = file.storyboard; name = Base; path = Base.lproj/LaunchScreen.storyboard; sourceTree = "<group>"; };
		4466359F2C65FAFE00BD94FD /* Info.plist */ = {isa = PBXFileReference; lastKnownFileType = text.plist.xml; path = Info.plist; sourceTree = "<group>"; };
		446635A92C66003900BD94FD /* .gitignore */ = {isa = PBXFileReference; lastKnownFileType = text; path = .gitignore; sourceTree = "<group>"; };
		446635AB2C6602F500BD94FD /* TabBarController.swift */ = {isa = PBXFileReference; lastKnownFileType = sourcecode.swift; path = TabBarController.swift; sourceTree = "<group>"; };
		446635B22C67121F00BD94FD /* UIView+Extension.swift */ = {isa = PBXFileReference; lastKnownFileType = sourcecode.swift; path = "UIView+Extension.swift"; sourceTree = "<group>"; };
		446635B52C6712DD00BD94FD /* BaseViewController.swift */ = {isa = PBXFileReference; lastKnownFileType = sourcecode.swift; path = BaseViewController.swift; sourceTree = "<group>"; };
		446635B72C6722DF00BD94FD /* Constant.swift */ = {isa = PBXFileReference; lastKnownFileType = sourcecode.swift; path = Constant.swift; sourceTree = "<group>"; };
		446635BA2C67255F00BD94FD /* Reusable.swift */ = {isa = PBXFileReference; lastKnownFileType = sourcecode.swift; path = Reusable.swift; sourceTree = "<group>"; };
		446635BC2C6728BF00BD94FD /* SearchTableViewCell.swift */ = {isa = PBXFileReference; lastKnownFileType = sourcecode.swift; path = SearchTableViewCell.swift; sourceTree = "<group>"; };
		446635BE2C6728D800BD94FD /* BaseTableViewCell.swift */ = {isa = PBXFileReference; lastKnownFileType = sourcecode.swift; path = BaseTableViewCell.swift; sourceTree = "<group>"; };
		446635C12C672C7A00BD94FD /* SoftwareThumbImageView.swift */ = {isa = PBXFileReference; lastKnownFileType = sourcecode.swift; path = SoftwareThumbImageView.swift; sourceTree = "<group>"; };
		446635C32C672EE200BD94FD /* BaseView.swift */ = {isa = PBXFileReference; lastKnownFileType = sourcecode.swift; path = BaseView.swift; sourceTree = "<group>"; };
		446635D02C6764F300BD94FD /* SubInfoLabel.swift */ = {isa = PBXFileReference; lastKnownFileType = sourcecode.swift; path = SubInfoLabel.swift; sourceTree = "<group>"; };
		449ACFC82C676D1300B0ED37 /* iTunesSearch.app */ = {isa = PBXFileReference; explicitFileType = wrapper.application; includeInIndex = 0; name = iTunesSearch.app; path = "/Users/daeyun/Public/SeSAC/Assignments/iTunesSearch/build/Debug-iphoneos/iTunesSearch.app"; sourceTree = "<absolute>"; };
		449ACFCA2C676EFC00B0ED37 /* NetworkManager.swift */ = {isa = PBXFileReference; lastKnownFileType = sourcecode.swift; path = NetworkManager.swift; sourceTree = "<group>"; };
		449ACFCC2C676F2E00B0ED37 /* Software.swift */ = {isa = PBXFileReference; lastKnownFileType = sourcecode.swift; path = Software.swift; sourceTree = "<group>"; };
		449ACFCF2C677D2600B0ED37 /* UIViewController+Extension.swift */ = {isa = PBXFileReference; lastKnownFileType = sourcecode.swift; path = "UIViewController+Extension.swift"; sourceTree = "<group>"; };
		449ACFD12C6782A500B0ED37 /* SearchViewModel.swift */ = {isa = PBXFileReference; lastKnownFileType = sourcecode.swift; path = SearchViewModel.swift; sourceTree = "<group>"; };
		449ACFD32C6782CB00B0ED37 /* ViewModelType.swift */ = {isa = PBXFileReference; lastKnownFileType = sourcecode.swift; path = ViewModelType.swift; sourceTree = "<group>"; };
		449ACFD52C67D42900B0ED37 /* SearchDetailViewController.swift */ = {isa = PBXFileReference; lastKnownFileType = sourcecode.swift; path = SearchDetailViewController.swift; sourceTree = "<group>"; };
		449ACFDD2C68764D00B0ED37 /* DownloadButton.swift */ = {isa = PBXFileReference; lastKnownFileType = sourcecode.swift; path = DownloadButton.swift; sourceTree = "<group>"; };
		449ACFDF2C687F7700B0ED37 /* SearchDetailViewModel.swift */ = {isa = PBXFileReference; lastKnownFileType = sourcecode.swift; path = SearchDetailViewModel.swift; sourceTree = "<group>"; };
		449ACFE12C688DD200B0ED37 /* SearchDetailCollectionViewCell.swift */ = {isa = PBXFileReference; lastKnownFileType = sourcecode.swift; path = SearchDetailCollectionViewCell.swift; sourceTree = "<group>"; };
		449ACFE32C688DED00B0ED37 /* BaseCollectionViewCell.swift */ = {isa = PBXFileReference; lastKnownFileType = sourcecode.swift; path = BaseCollectionViewCell.swift; sourceTree = "<group>"; };
/* End PBXFileReference section */

/* Begin PBXFrameworksBuildPhase section */
		4466358B2C65FAFD00BD94FD /* Frameworks */ = {
			isa = PBXFrameworksBuildPhase;
			buildActionMask = 2147483647;
			files = (
				446635D42C676C4F00BD94FD /* RxCocoa in Frameworks */,
				449ACFD92C67DDA000B0ED37 /* NVActivityIndicatorView in Frameworks */,
				446635C72C6733EC00BD94FD /* Kingfisher in Frameworks */,
				449ACFDB2C67DDA000B0ED37 /* NVActivityIndicatorViewExtended in Frameworks */,
				446635D62C676C4F00BD94FD /* RxSwift in Frameworks */,
				446635CE2C6749D000BD94FD /* SnapKit in Frameworks */,
			);
			runOnlyForDeploymentPostprocessing = 0;
		};
/* End PBXFrameworksBuildPhase section */

/* Begin PBXGroup section */
		446635852C65FAFD00BD94FD = {
			isa = PBXGroup;
			children = (
				446635A92C66003900BD94FD /* .gitignore */,
				446635902C65FAFD00BD94FD /* iTunesSearch */,
			);
			sourceTree = "<group>";
		};
		446635902C65FAFD00BD94FD /* iTunesSearch */ = {
			isa = PBXGroup;
			children = (
				446635A52C65FB8500BD94FD /* Application */,
				446635A82C65FFDC00BD94FD /* Common */,
				449ACFC92C676EE300B0ED37 /* Service */,
				449ACFCE2C67700A00B0ED37 /* Model */,
				446635A72C65FD6800BD94FD /* Presentation */,
				446635A62C65FB9200BD94FD /* Resource */,
			);
			path = iTunesSearch;
			sourceTree = "<group>";
		};
		446635A52C65FB8500BD94FD /* Application */ = {
			isa = PBXGroup;
			children = (
				446635912C65FAFD00BD94FD /* AppDelegate.swift */,
				446635932C65FAFD00BD94FD /* SceneDelegate.swift */,
			);
			path = Application;
			sourceTree = "<group>";
		};
		446635A62C65FB9200BD94FD /* Resource */ = {
			isa = PBXGroup;
			children = (
				4466359A2C65FAFE00BD94FD /* Assets.xcassets */,
				4466359C2C65FAFE00BD94FD /* LaunchScreen.storyboard */,
				4466359F2C65FAFE00BD94FD /* Info.plist */,
			);
			path = Resource;
			sourceTree = "<group>";
		};
		446635A72C65FD6800BD94FD /* Presentation */ = {
			isa = PBXGroup;
			children = (
				446635AB2C6602F500BD94FD /* TabBarController.swift */,
				446635AD2C660AD700BD94FD /* Search */,
			);
			path = Presentation;
			sourceTree = "<group>";
		};
		446635A82C65FFDC00BD94FD /* Common */ = {
			isa = PBXGroup;
			children = (
				446635B72C6722DF00BD94FD /* Constant.swift */,
				446635B42C6712D200BD94FD /* Base */,
				446635C02C672C5200BD94FD /* CustomViews */,
				446635B12C6711DF00BD94FD /* Extensions */,
				446635B92C67253900BD94FD /* Protocols */,
			);
			path = Common;
			sourceTree = "<group>";
		};
		446635AD2C660AD700BD94FD /* Search */ = {
			isa = PBXGroup;
			children = (
				449ACFE52C68B42F00B0ED37 /* ViewModel */,
				449ACFE62C68B43C00B0ED37 /* View */,
			);
			path = Search;
			sourceTree = "<group>";
		};
		446635B12C6711DF00BD94FD /* Extensions */ = {
			isa = PBXGroup;
			children = (
				446635B22C67121F00BD94FD /* UIView+Extension.swift */,
				449ACFCF2C677D2600B0ED37 /* UIViewController+Extension.swift */,
			);
			path = Extensions;
			sourceTree = "<group>";
		};
		446635B42C6712D200BD94FD /* Base */ = {
			isa = PBXGroup;
			children = (
				446635C32C672EE200BD94FD /* BaseView.swift */,
				446635B52C6712DD00BD94FD /* BaseViewController.swift */,
				446635BE2C6728D800BD94FD /* BaseTableViewCell.swift */,
				449ACFE32C688DED00B0ED37 /* BaseCollectionViewCell.swift */,
			);
			path = Base;
			sourceTree = "<group>";
		};
		446635B92C67253900BD94FD /* Protocols */ = {
			isa = PBXGroup;
			children = (
				446635BA2C67255F00BD94FD /* Reusable.swift */,
				449ACFD32C6782CB00B0ED37 /* ViewModelType.swift */,
			);
			path = Protocols;
			sourceTree = "<group>";
		};
		446635C02C672C5200BD94FD /* CustomViews */ = {
			isa = PBXGroup;
			children = (
				446635C12C672C7A00BD94FD /* SoftwareThumbImageView.swift */,
				446635D02C6764F300BD94FD /* SubInfoLabel.swift */,
				449ACFDD2C68764D00B0ED37 /* DownloadButton.swift */,
			);
			path = CustomViews;
			sourceTree = "<group>";
		};
		449ACFC92C676EE300B0ED37 /* Service */ = {
			isa = PBXGroup;
			children = (
				449ACFCA2C676EFC00B0ED37 /* NetworkManager.swift */,
			);
			path = Service;
			sourceTree = "<group>";
		};
		449ACFCE2C67700A00B0ED37 /* Model */ = {
			isa = PBXGroup;
			children = (
				449ACFCC2C676F2E00B0ED37 /* Software.swift */,
			);
			path = Model;
			sourceTree = "<group>";
		};
		449ACFE52C68B42F00B0ED37 /* ViewModel */ = {
			isa = PBXGroup;
			children = (
				449ACFD12C6782A500B0ED37 /* SearchViewModel.swift */,
				449ACFDF2C687F7700B0ED37 /* SearchDetailViewModel.swift */,
			);
			path = ViewModel;
			sourceTree = "<group>";
		};
		449ACFE62C68B43C00B0ED37 /* View */ = {
			isa = PBXGroup;
			children = (
				446635952C65FAFD00BD94FD /* SearchViewController.swift */,
				446635BC2C6728BF00BD94FD /* SearchTableViewCell.swift */,
				449ACFD52C67D42900B0ED37 /* SearchDetailViewController.swift */,
				449ACFE12C688DD200B0ED37 /* SearchDetailCollectionViewCell.swift */,
			);
			path = View;
			sourceTree = "<group>";
		};
/* End PBXGroup section */

/* Begin PBXNativeTarget section */
		4466358D2C65FAFD00BD94FD /* iTunesSearch */ = {
			isa = PBXNativeTarget;
			buildConfigurationList = 446635A22C65FAFE00BD94FD /* Build configuration list for PBXNativeTarget "iTunesSearch" */;
			buildPhases = (
				4466358A2C65FAFD00BD94FD /* Sources */,
				4466358B2C65FAFD00BD94FD /* Frameworks */,
				4466358C2C65FAFD00BD94FD /* Resources */,
			);
			buildRules = (
			);
			dependencies = (
			);
			name = iTunesSearch;
			packageProductDependencies = (
				446635C62C6733EC00BD94FD /* Kingfisher */,
				446635CD2C6749D000BD94FD /* SnapKit */,
				446635D32C676C4F00BD94FD /* RxCocoa */,
				446635D52C676C4F00BD94FD /* RxSwift */,
				449ACFD82C67DDA000B0ED37 /* NVActivityIndicatorView */,
				449ACFDA2C67DDA000B0ED37 /* NVActivityIndicatorViewExtended */,
			);
			productName = iTunesSearch;
			productReference = 449ACFC82C676D1300B0ED37 /* iTunesSearch.app */;
			productType = "com.apple.product-type.application";
		};
/* End PBXNativeTarget section */

/* Begin PBXProject section */
		446635862C65FAFD00BD94FD /* Project object */ = {
			isa = PBXProject;
			attributes = {
				BuildIndependentTargetsInParallel = 1;
				LastSwiftUpdateCheck = 1530;
				LastUpgradeCheck = 1530;
				TargetAttributes = {
					4466358D2C65FAFD00BD94FD = {
						CreatedOnToolsVersion = 15.3;
					};
				};
			};
			buildConfigurationList = 446635892C65FAFD00BD94FD /* Build configuration list for PBXProject "iTunesSearch" */;
			compatibilityVersion = "Xcode 14.0";
			developmentRegion = en;
			hasScannedForEncodings = 0;
			knownRegions = (
				en,
				Base,
			);
			mainGroup = 446635852C65FAFD00BD94FD;
			packageReferences = (
				446635AE2C660B3000BD94FD /* XCRemoteSwiftPackageReference "SnapKit" */,
				446635C52C6733EC00BD94FD /* XCRemoteSwiftPackageReference "Kingfisher" */,
				446635D22C676C4F00BD94FD /* XCRemoteSwiftPackageReference "RxSwift" */,
				449ACFD72C67DDA000B0ED37 /* XCRemoteSwiftPackageReference "NVActivityIndicatorView" */,
			);
			productRefGroup = 446635852C65FAFD00BD94FD;
			projectDirPath = "";
			projectRoot = "";
			targets = (
				4466358D2C65FAFD00BD94FD /* iTunesSearch */,
			);
		};
/* End PBXProject section */

/* Begin PBXResourcesBuildPhase section */
		4466358C2C65FAFD00BD94FD /* Resources */ = {
			isa = PBXResourcesBuildPhase;
			buildActionMask = 2147483647;
			files = (
				4466359B2C65FAFE00BD94FD /* Assets.xcassets in Resources */,
				446635AA2C66003900BD94FD /* .gitignore in Resources */,
				4466359E2C65FAFE00BD94FD /* Base in Resources */,
			);
			runOnlyForDeploymentPostprocessing = 0;
		};
/* End PBXResourcesBuildPhase section */

/* Begin PBXSourcesBuildPhase section */
		4466358A2C65FAFD00BD94FD /* Sources */ = {
			isa = PBXSourcesBuildPhase;
			buildActionMask = 2147483647;
			files = (
				449ACFD02C677D2600B0ED37 /* UIViewController+Extension.swift in Sources */,
				449ACFE22C688DD200B0ED37 /* SearchDetailCollectionViewCell.swift in Sources */,
				446635BD2C6728BF00BD94FD /* SearchTableViewCell.swift in Sources */,
				446635B82C6722DF00BD94FD /* Constant.swift in Sources */,
				446635962C65FAFD00BD94FD /* SearchViewController.swift in Sources */,
				446635C42C672EE200BD94FD /* BaseView.swift in Sources */,
				449ACFE42C688DED00B0ED37 /* BaseCollectionViewCell.swift in Sources */,
				449ACFD62C67D42900B0ED37 /* SearchDetailViewController.swift in Sources */,
				446635D12C6764F300BD94FD /* SubInfoLabel.swift in Sources */,
				446635AC2C6602F500BD94FD /* TabBarController.swift in Sources */,
				449ACFCD2C676F2E00B0ED37 /* Software.swift in Sources */,
				449ACFE02C687F7700B0ED37 /* SearchDetailViewModel.swift in Sources */,
				449ACFD42C6782CB00B0ED37 /* ViewModelType.swift in Sources */,
				446635922C65FAFD00BD94FD /* AppDelegate.swift in Sources */,
				446635C22C672C7A00BD94FD /* SoftwareThumbImageView.swift in Sources */,
				446635BB2C67255F00BD94FD /* Reusable.swift in Sources */,
				446635B32C67121F00BD94FD /* UIView+Extension.swift in Sources */,
				449ACFCB2C676EFC00B0ED37 /* NetworkManager.swift in Sources */,
				446635942C65FAFD00BD94FD /* SceneDelegate.swift in Sources */,
				449ACFD22C6782A500B0ED37 /* SearchViewModel.swift in Sources */,
				446635BF2C6728D800BD94FD /* BaseTableViewCell.swift in Sources */,
				446635B62C6712DD00BD94FD /* BaseViewController.swift in Sources */,
				449ACFDE2C68764D00B0ED37 /* DownloadButton.swift in Sources */,
			);
			runOnlyForDeploymentPostprocessing = 0;
		};
/* End PBXSourcesBuildPhase section */

/* Begin PBXVariantGroup section */
		4466359C2C65FAFE00BD94FD /* LaunchScreen.storyboard */ = {
			isa = PBXVariantGroup;
			children = (
				4466359D2C65FAFE00BD94FD /* Base */,
			);
			name = LaunchScreen.storyboard;
			sourceTree = "<group>";
		};
/* End PBXVariantGroup section */

/* Begin XCBuildConfiguration section */
		446635A02C65FAFE00BD94FD /* Debug */ = {
			isa = XCBuildConfiguration;
			buildSettings = {
				ALWAYS_SEARCH_USER_PATHS = NO;
				ASSETCATALOG_COMPILER_GENERATE_SWIFT_ASSET_SYMBOL_EXTENSIONS = YES;
				CLANG_ANALYZER_NONNULL = YES;
				CLANG_ANALYZER_NUMBER_OBJECT_CONVERSION = YES_AGGRESSIVE;
				CLANG_CXX_LANGUAGE_STANDARD = "gnu++20";
				CLANG_ENABLE_MODULES = YES;
				CLANG_ENABLE_OBJC_ARC = YES;
				CLANG_ENABLE_OBJC_WEAK = YES;
				CLANG_WARN_BLOCK_CAPTURE_AUTORELEASING = YES;
				CLANG_WARN_BOOL_CONVERSION = YES;
				CLANG_WARN_COMMA = YES;
				CLANG_WARN_CONSTANT_CONVERSION = YES;
				CLANG_WARN_DEPRECATED_OBJC_IMPLEMENTATIONS = YES;
				CLANG_WARN_DIRECT_OBJC_ISA_USAGE = YES_ERROR;
				CLANG_WARN_DOCUMENTATION_COMMENTS = YES;
				CLANG_WARN_EMPTY_BODY = YES;
				CLANG_WARN_ENUM_CONVERSION = YES;
				CLANG_WARN_INFINITE_RECURSION = YES;
				CLANG_WARN_INT_CONVERSION = YES;
				CLANG_WARN_NON_LITERAL_NULL_CONVERSION = YES;
				CLANG_WARN_OBJC_IMPLICIT_RETAIN_SELF = YES;
				CLANG_WARN_OBJC_LITERAL_CONVERSION = YES;
				CLANG_WARN_OBJC_ROOT_CLASS = YES_ERROR;
				CLANG_WARN_QUOTED_INCLUDE_IN_FRAMEWORK_HEADER = YES;
				CLANG_WARN_RANGE_LOOP_ANALYSIS = YES;
				CLANG_WARN_STRICT_PROTOTYPES = YES;
				CLANG_WARN_SUSPICIOUS_MOVE = YES;
				CLANG_WARN_UNGUARDED_AVAILABILITY = YES_AGGRESSIVE;
				CLANG_WARN_UNREACHABLE_CODE = YES;
				CLANG_WARN__DUPLICATE_METHOD_MATCH = YES;
				COPY_PHASE_STRIP = NO;
				DEBUG_INFORMATION_FORMAT = dwarf;
				ENABLE_STRICT_OBJC_MSGSEND = YES;
				ENABLE_TESTABILITY = YES;
				ENABLE_USER_SCRIPT_SANDBOXING = YES;
				GCC_C_LANGUAGE_STANDARD = gnu17;
				GCC_DYNAMIC_NO_PIC = NO;
				GCC_NO_COMMON_BLOCKS = YES;
				GCC_OPTIMIZATION_LEVEL = 0;
				GCC_PREPROCESSOR_DEFINITIONS = (
					"DEBUG=1",
					"$(inherited)",
				);
				GCC_WARN_64_TO_32_BIT_CONVERSION = YES;
				GCC_WARN_ABOUT_RETURN_TYPE = YES_ERROR;
				GCC_WARN_UNDECLARED_SELECTOR = YES;
				GCC_WARN_UNINITIALIZED_AUTOS = YES_AGGRESSIVE;
				GCC_WARN_UNUSED_FUNCTION = YES;
				GCC_WARN_UNUSED_VARIABLE = YES;
				IPHONEOS_DEPLOYMENT_TARGET = 17.4;
				LOCALIZATION_PREFERS_STRING_CATALOGS = YES;
				MTL_ENABLE_DEBUG_INFO = INCLUDE_SOURCE;
				MTL_FAST_MATH = YES;
				ONLY_ACTIVE_ARCH = YES;
				SDKROOT = iphoneos;
				SWIFT_ACTIVE_COMPILATION_CONDITIONS = "DEBUG $(inherited)";
				SWIFT_OPTIMIZATION_LEVEL = "-Onone";
			};
			name = Debug;
		};
		446635A12C65FAFE00BD94FD /* Release */ = {
			isa = XCBuildConfiguration;
			buildSettings = {
				ALWAYS_SEARCH_USER_PATHS = NO;
				ASSETCATALOG_COMPILER_GENERATE_SWIFT_ASSET_SYMBOL_EXTENSIONS = YES;
				CLANG_ANALYZER_NONNULL = YES;
				CLANG_ANALYZER_NUMBER_OBJECT_CONVERSION = YES_AGGRESSIVE;
				CLANG_CXX_LANGUAGE_STANDARD = "gnu++20";
				CLANG_ENABLE_MODULES = YES;
				CLANG_ENABLE_OBJC_ARC = YES;
				CLANG_ENABLE_OBJC_WEAK = YES;
				CLANG_WARN_BLOCK_CAPTURE_AUTORELEASING = YES;
				CLANG_WARN_BOOL_CONVERSION = YES;
				CLANG_WARN_COMMA = YES;
				CLANG_WARN_CONSTANT_CONVERSION = YES;
				CLANG_WARN_DEPRECATED_OBJC_IMPLEMENTATIONS = YES;
				CLANG_WARN_DIRECT_OBJC_ISA_USAGE = YES_ERROR;
				CLANG_WARN_DOCUMENTATION_COMMENTS = YES;
				CLANG_WARN_EMPTY_BODY = YES;
				CLANG_WARN_ENUM_CONVERSION = YES;
				CLANG_WARN_INFINITE_RECURSION = YES;
				CLANG_WARN_INT_CONVERSION = YES;
				CLANG_WARN_NON_LITERAL_NULL_CONVERSION = YES;
				CLANG_WARN_OBJC_IMPLICIT_RETAIN_SELF = YES;
				CLANG_WARN_OBJC_LITERAL_CONVERSION = YES;
				CLANG_WARN_OBJC_ROOT_CLASS = YES_ERROR;
				CLANG_WARN_QUOTED_INCLUDE_IN_FRAMEWORK_HEADER = YES;
				CLANG_WARN_RANGE_LOOP_ANALYSIS = YES;
				CLANG_WARN_STRICT_PROTOTYPES = YES;
				CLANG_WARN_SUSPICIOUS_MOVE = YES;
				CLANG_WARN_UNGUARDED_AVAILABILITY = YES_AGGRESSIVE;
				CLANG_WARN_UNREACHABLE_CODE = YES;
				CLANG_WARN__DUPLICATE_METHOD_MATCH = YES;
				COPY_PHASE_STRIP = NO;
				DEBUG_INFORMATION_FORMAT = "dwarf-with-dsym";
				ENABLE_NS_ASSERTIONS = NO;
				ENABLE_STRICT_OBJC_MSGSEND = YES;
				ENABLE_USER_SCRIPT_SANDBOXING = YES;
				GCC_C_LANGUAGE_STANDARD = gnu17;
				GCC_NO_COMMON_BLOCKS = YES;
				GCC_WARN_64_TO_32_BIT_CONVERSION = YES;
				GCC_WARN_ABOUT_RETURN_TYPE = YES_ERROR;
				GCC_WARN_UNDECLARED_SELECTOR = YES;
				GCC_WARN_UNINITIALIZED_AUTOS = YES_AGGRESSIVE;
				GCC_WARN_UNUSED_FUNCTION = YES;
				GCC_WARN_UNUSED_VARIABLE = YES;
				IPHONEOS_DEPLOYMENT_TARGET = 17.4;
				LOCALIZATION_PREFERS_STRING_CATALOGS = YES;
				MTL_ENABLE_DEBUG_INFO = NO;
				MTL_FAST_MATH = YES;
				SDKROOT = iphoneos;
				SWIFT_COMPILATION_MODE = wholemodule;
				VALIDATE_PRODUCT = YES;
			};
			name = Release;
		};
		446635A32C65FAFE00BD94FD /* Debug */ = {
			isa = XCBuildConfiguration;
			buildSettings = {
				ASSETCATALOG_COMPILER_APPICON_NAME = AppIcon;
				ASSETCATALOG_COMPILER_GLOBAL_ACCENT_COLOR_NAME = AccentColor;
				CODE_SIGN_STYLE = Automatic;
				CURRENT_PROJECT_VERSION = 1;
				DEVELOPMENT_TEAM = 9M37U587ZT;
				GENERATE_INFOPLIST_FILE = YES;
				INFOPLIST_FILE = iTunesSearch/Resource/Info.plist;
				INFOPLIST_KEY_UIApplicationSupportsIndirectInputEvents = YES;
				INFOPLIST_KEY_UILaunchStoryboardName = LaunchScreen;
				INFOPLIST_KEY_UISupportedInterfaceOrientations = UIInterfaceOrientationPortrait;
				INFOPLIST_KEY_UISupportedInterfaceOrientations_iPad = UIInterfaceOrientationPortrait;
				IPHONEOS_DEPLOYMENT_TARGET = 16.0;
				LD_RUNPATH_SEARCH_PATHS = (
					"$(inherited)",
					"@executable_path/Frameworks",
				);
				MARKETING_VERSION = 1.0;
				PRODUCT_BUNDLE_IDENTIFIER = com.daeyunkwon.iTunesSearch;
				PRODUCT_NAME = "$(TARGET_NAME)";
				SUPPORTED_PLATFORMS = "iphoneos iphonesimulator";
				SUPPORTS_MACCATALYST = NO;
				SUPPORTS_MAC_DESIGNED_FOR_IPHONE_IPAD = NO;
				SUPPORTS_XR_DESIGNED_FOR_IPHONE_IPAD = NO;
				SWIFT_EMIT_LOC_STRINGS = YES;
				SWIFT_VERSION = 5.0;
				TARGETED_DEVICE_FAMILY = 1;
			};
			name = Debug;
		};
		446635A42C65FAFE00BD94FD /* Release */ = {
			isa = XCBuildConfiguration;
			buildSettings = {
				ASSETCATALOG_COMPILER_APPICON_NAME = AppIcon;
				ASSETCATALOG_COMPILER_GLOBAL_ACCENT_COLOR_NAME = AccentColor;
				CODE_SIGN_STYLE = Automatic;
				CURRENT_PROJECT_VERSION = 1;
				DEVELOPMENT_TEAM = 9M37U587ZT;
				GENERATE_INFOPLIST_FILE = YES;
				INFOPLIST_FILE = iTunesSearch/Resource/Info.plist;
				INFOPLIST_KEY_UIApplicationSupportsIndirectInputEvents = YES;
				INFOPLIST_KEY_UILaunchStoryboardName = LaunchScreen;
				INFOPLIST_KEY_UISupportedInterfaceOrientations = UIInterfaceOrientationPortrait;
				INFOPLIST_KEY_UISupportedInterfaceOrientations_iPad = UIInterfaceOrientationPortrait;
				IPHONEOS_DEPLOYMENT_TARGET = 16.0;
				LD_RUNPATH_SEARCH_PATHS = (
					"$(inherited)",
					"@executable_path/Frameworks",
				);
				MARKETING_VERSION = 1.0;
				PRODUCT_BUNDLE_IDENTIFIER = com.daeyunkwon.iTunesSearch;
				PRODUCT_NAME = "$(TARGET_NAME)";
				SUPPORTED_PLATFORMS = "iphoneos iphonesimulator";
				SUPPORTS_MACCATALYST = NO;
				SUPPORTS_MAC_DESIGNED_FOR_IPHONE_IPAD = NO;
				SUPPORTS_XR_DESIGNED_FOR_IPHONE_IPAD = NO;
				SWIFT_EMIT_LOC_STRINGS = YES;
				SWIFT_VERSION = 5.0;
				TARGETED_DEVICE_FAMILY = 1;
			};
			name = Release;
		};
/* End XCBuildConfiguration section */

/* Begin XCConfigurationList section */
		446635892C65FAFD00BD94FD /* Build configuration list for PBXProject "iTunesSearch" */ = {
			isa = XCConfigurationList;
			buildConfigurations = (
				446635A02C65FAFE00BD94FD /* Debug */,
				446635A12C65FAFE00BD94FD /* Release */,
			);
			defaultConfigurationIsVisible = 0;
			defaultConfigurationName = Release;
		};
		446635A22C65FAFE00BD94FD /* Build configuration list for PBXNativeTarget "iTunesSearch" */ = {
			isa = XCConfigurationList;
			buildConfigurations = (
				446635A32C65FAFE00BD94FD /* Debug */,
				446635A42C65FAFE00BD94FD /* Release */,
			);
			defaultConfigurationIsVisible = 0;
			defaultConfigurationName = Release;
		};
/* End XCConfigurationList section */

/* Begin XCRemoteSwiftPackageReference section */
		446635AE2C660B3000BD94FD /* XCRemoteSwiftPackageReference "SnapKit" */ = {
			isa = XCRemoteSwiftPackageReference;
			repositoryURL = "https://github.com/SnapKit/SnapKit";
			requirement = {
				kind = upToNextMajorVersion;
				minimumVersion = 5.7.1;
			};
		};
		446635C52C6733EC00BD94FD /* XCRemoteSwiftPackageReference "Kingfisher" */ = {
			isa = XCRemoteSwiftPackageReference;
			repositoryURL = "https://github.com/onevcat/Kingfisher";
			requirement = {
				kind = upToNextMajorVersion;
				minimumVersion = 7.12.0;
			};
		};
		446635D22C676C4F00BD94FD /* XCRemoteSwiftPackageReference "RxSwift" */ = {
			isa = XCRemoteSwiftPackageReference;
			repositoryURL = "https://github.com/ReactiveX/RxSwift";
			requirement = {
				kind = upToNextMajorVersion;
				minimumVersion = 6.7.1;
			};
		};
		449ACFD72C67DDA000B0ED37 /* XCRemoteSwiftPackageReference "NVActivityIndicatorView" */ = {
			isa = XCRemoteSwiftPackageReference;
			repositoryURL = "https://github.com/ninjaprox/NVActivityIndicatorView";
			requirement = {
				kind = upToNextMajorVersion;
				minimumVersion = 5.2.0;
			};
		};
/* End XCRemoteSwiftPackageReference section */

/* Begin XCSwiftPackageProductDependency section */
		446635C62C6733EC00BD94FD /* Kingfisher */ = {
			isa = XCSwiftPackageProductDependency;
			package = 446635C52C6733EC00BD94FD /* XCRemoteSwiftPackageReference "Kingfisher" */;
			productName = Kingfisher;
		};
		446635CD2C6749D000BD94FD /* SnapKit */ = {
			isa = XCSwiftPackageProductDependency;
			package = 446635AE2C660B3000BD94FD /* XCRemoteSwiftPackageReference "SnapKit" */;
			productName = SnapKit;
		};
		446635D32C676C4F00BD94FD /* RxCocoa */ = {
			isa = XCSwiftPackageProductDependency;
			package = 446635D22C676C4F00BD94FD /* XCRemoteSwiftPackageReference "RxSwift" */;
			productName = RxCocoa;
		};
		446635D52C676C4F00BD94FD /* RxSwift */ = {
			isa = XCSwiftPackageProductDependency;
			package = 446635D22C676C4F00BD94FD /* XCRemoteSwiftPackageReference "RxSwift" */;
			productName = RxSwift;
		};
		449ACFD82C67DDA000B0ED37 /* NVActivityIndicatorView */ = {
			isa = XCSwiftPackageProductDependency;
			package = 449ACFD72C67DDA000B0ED37 /* XCRemoteSwiftPackageReference "NVActivityIndicatorView" */;
			productName = NVActivityIndicatorView;
		};
		449ACFDA2C67DDA000B0ED37 /* NVActivityIndicatorViewExtended */ = {
			isa = XCSwiftPackageProductDependency;
			package = 449ACFD72C67DDA000B0ED37 /* XCRemoteSwiftPackageReference "NVActivityIndicatorView" */;
			productName = NVActivityIndicatorViewExtended;
		};
/* End XCSwiftPackageProductDependency section */
	};
	rootObject = 446635862C65FAFD00BD94FD /* Project object */;
}
